Microsoft Visual Studio Solution File, Format Version 12.00
# Visual Studio 2012
Project("{FAE04EC0-301F-11D3-BF4B-00C04F79EFBC}") = "FirstGame1", "FirstGame1.csproj", "{42A33FD2-A8D9-4D00-85B5-96A0BEE581EF}"
EndProject
Global
	GlobalSection(SolutionConfigurationPlatforms) = preSolution
	Debug|Any CPU = Debug|Any CPU
	ExportDebug|Any CPU = ExportDebug|Any CPU
	ExportRelease|Any CPU = ExportRelease|Any CPU
	EndGlobalSection
	GlobalSection(ProjectConfigurationPlatforms) = postSolution
		{42A33FD2-A8D9-4D00-85B5-96A0BEE581EF}.Debug|Any CPU.ActiveCfg = Debug|Any CPU
		{42A33FD2-A8D9-4D00-85B5-96A0BEE581EF}.Debug|Any CPU.Build.0 = Debug|Any CPU
		{42A33FD2-A8D9-4D00-85B5-96A0BEE581EF}.ExportDebug|Any CPU.ActiveCfg = ExportDebug|Any CPU
		{42A33FD2-A8D9-4D00-85B5-96A0BEE581EF}.ExportDebug|Any CPU.Build.0 = ExportDebug|Any CPU
		{42A33FD2-A8D9-4D00-85B5-96A0BEE581EF}.ExportRelease|Any CPU.ActiveCfg = ExportRelease|Any CPU
		{42A33FD2-A8D9-4D00-85B5-96A0BEE581EF}.ExportRelease|Any CPU.Build.0 = ExportRelease|Any CPU
	EndGlobalSection
EndGlobal
